// !$*UTF8*$!
{
	archiveVersion = 1;
	classes = {
	};
	objectVersion = 77;
	objects = {

/* Begin PBXBuildFile section */
		257E81222F5BE13E00E05B8D /* us Watch App.app in Embed Watch Content */ = {isa = PBXBuildFile; fileRef = 257E81212F5BE13E00E05B8D /* us Watch App.app */; settings = {ATTRIBUTES = (RemoveHeadersOnCopy, ); }; };
/* End PBXBuildFile section */

/* Begin PBXContainerItemProxy section */
		257E810C2F5BE13E00E05B8D /* PBXContainerItemProxy */ = {
			isa = PBXContainerItemProxy;
			containerPortal = 257E80F62F5BE13C00E05B8D /* Project object */;
			proxyType = 1;
			remoteGlobalIDString = 257E80FD2F5BE13C00E05B8D;
			remoteInfo = us;
		};
		257E81162F5BE13E00E05B8D /* PBXContainerItemProxy */ = {
			isa = PBXContainerItemProxy;
			containerPortal = 257E80F62F5BE13C00E05B8D /* Project object */;
			proxyType = 1;
			remoteGlobalIDString = 257E80FD2F5BE13C00E05B8D;
			remoteInfo = us;
		};
		257E81232F5BE13E00E05B8D /* PBXContainerItemProxy */ = {
			isa = PBXContainerItemProxy;
			containerPortal = 257E80F62F5BE13C00E05B8D /* Project object */;
			proxyType = 1;
			remoteGlobalIDString = 257E81202F5BE13E00E05B8D;
			remoteInfo = "us Watch App";
		};
		257E81312F5BE13E00E05B8D /* PBXContainerItemProxy */ = {
			isa = PBXContainerItemProxy;
			containerPortal = 257E80F62F5BE13C00E05B8D /* Project object */;
			proxyType = 1;
			remoteGlobalIDString = 257E81202F5BE13E00E05B8D;
			remoteInfo = "us Watch App";
		};
		257E813B2F5BE13E00E05B8D /* PBXContainerItemProxy */ = {
			isa = PBXContainerItemProxy;
			containerPortal = 257E80F62F5BE13C00E05B8D /* Project object */;
			proxyType = 1;
			remoteGlobalIDString = 257E81202F5BE13E00E05B8D;
			remoteInfo = "us Watch App";
		};
/* End PBXContainerItemProxy section */

/* Begin PBXCopyFilesBuildPhase section */
		257E81472F5BE13E00E05B8D /* Embed Watch Content */ = {
			isa = PBXCopyFilesBuildPhase;
			buildActionMask = 2147483647;
			dstPath = "$(CONTENTS_FOLDER_PATH)/Watch";
			dstSubfolderSpec = 16;
			files = (
				257E81222F5BE13E00E05B8D /* us Watch App.app in Embed Watch Content */,
			);
			name = "Embed Watch Content";
			runOnlyForDeploymentPostprocessing = 0;
		};
/* End PBXCopyFilesBuildPhase section */

/* Begin PBXFileReference section */
		257E80FE2F5BE13C00E05B8D /* us.app */ = {isa = PBXFileReference; explicitFileType = wrapper.application; includeInIndex = 0; path = us.app; sourceTree = BUILT_PRODUCTS_DIR; };
		257E810B2F5BE13E00E05B8D /* usTests.xctest */ = {isa = PBXFileReference; explicitFileType = wrapper.cfbundle; includeInIndex = 0; path = usTests.xctest; sourceTree = BUILT_PRODUCTS_DIR; };
		257E81152F5BE13E00E05B8D /* usUITests.xctest */ = {isa = PBXFileReference; explicitFileType = wrapper.cfbundle; includeInIndex = 0; path = usUITests.xctest; sourceTree = BUILT_PRODUCTS_DIR; };
		257E81212F5BE13E00E05B8D /* us Watch App.app */ = {isa = PBXFileReference; explicitFileType = wrapper.application; includeInIndex = 0; path = "us Watch App.app"; sourceTree = BUILT_PRODUCTS_DIR; };
		257E81302F5BE13E00E05B8D /* us Watch AppTests.xctest */ = {isa = PBXFileReference; explicitFileType = wrapper.cfbundle; includeInIndex = 0; path = "us Watch AppTests.xctest"; sourceTree = BUILT_PRODUCTS_DIR; };
		257E813A2F5BE13E00E05B8D /* us Watch AppUITests.xctest */ = {isa = PBXFileReference; explicitFileType = wrapper.cfbundle; includeInIndex = 0; path = "us Watch AppUITests.xctest"; sourceTree = BUILT_PRODUCTS_DIR; };
/* End PBXFileReference section */

/* Begin PBXFileSystemSynchronizedRootGroup section */
		257E81002F5BE13C00E05B8D /* us */ = {
			isa = PBXFileSystemSynchronizedRootGroup;
			path = us;
			sourceTree = "<group>";
		};
		257E810E2F5BE13E00E05B8D /* usTests */ = {
			isa = PBXFileSystemSynchronizedRootGroup;
			path = usTests;
			sourceTree = "<group>";
		};
		257E81182F5BE13E00E05B8D /* usUITests */ = {
			isa = PBXFileSystemSynchronizedRootGroup;
			path = usUITests;
			sourceTree = "<group>";
		};
		257E81252F5BE13E00E05B8D /* us Watch App */ = {
			isa = PBXFileSystemSynchronizedRootGroup;
			path = "us Watch App";
			sourceTree = "<group>";
		};
		257E81332F5BE13E00E05B8D /* us Watch AppTests */ = {
			isa = PBXFileSystemSynchronizedRootGroup;
			path = "us Watch AppTests";
			sourceTree = "<group>";
		};
		257E813D2F5BE13E00E05B8D /* us Watch AppUITests */ = {
			isa = PBXFileSystemSynchronizedRootGroup;
			path = "us Watch AppUITests";
			sourceTree = "<group>";
		};
/* End PBXFileSystemSynchronizedRootGroup section */

/* Begin PBXFrameworksBuildPhase section */
		257E80FB2F5BE13C00E05B8D /* Frameworks */ = {
			isa = PBXFrameworksBuildPhase;
			buildActionMask = 2147483647;
			files = (
			);
			runOnlyForDeploymentPostprocessing = 0;
		};
		257E81082F5BE13E00E05B8D /* Frameworks */ = {
			isa = PBXFrameworksBuildPhase;
			buildActionMask = 2147483647;
			files = (
			);
			runOnlyForDeploymentPostprocessing = 0;
		};
		257E81122F5BE13E00E05B8D /* Frameworks */ = {
			isa = PBXFrameworksBuildPhase;
			buildActionMask = 2147483647;
			files = (
			);
			runOnlyForDeploymentPostprocessing = 0;
		};
		257E811E2F5BE13E00E05B8D /* Frameworks */ = {
			isa = PBXFrameworksBuildPhase;
			buildActionMask = 2147483647;
			files = (
			);
			runOnlyForDeploymentPostprocessing = 0;
		};
		257E812D2F5BE13E00E05B8D /* Frameworks */ = {
			isa = PBXFrameworksBuildPhase;
			buildActionMask = 2147483647;
			files = (
			);
			runOnlyForDeploymentPostprocessing = 0;
		};
		257E81372F5BE13E00E05B8D /* Frameworks */ = {
			isa = PBXFrameworksBuildPhase;
			buildActionMask = 2147483647;
			files = (
			);
			runOnlyForDeploymentPostprocessing = 0;
		};
/* End PBXFrameworksBuildPhase section */

/* Begin PBXGroup section */
		257E80F52F5BE13C00E05B8D = {
			isa = PBXGroup;
			children = (
				257E81002F5BE13C00E05B8D /* us */,
				257E810E2F5BE13E00E05B8D /* usTests */,
				257E81182F5BE13E00E05B8D /* usUITests */,
				257E81252F5BE13E00E05B8D /* us Watch App */,
				257E81332F5BE13E00E05B8D /* us Watch AppTests */,
				257E813D2F5BE13E00E05B8D /* us Watch AppUITests */,
				257E80FF2F5BE13C00E05B8D /* Products */,
			);
			sourceTree = "<group>";
		};
		257E80FF2F5BE13C00E05B8D /* Products */ = {
			isa = PBXGroup;
			children = (
				257E80FE2F5BE13C00E05B8D /* us.app */,
				257E810B2F5BE13E00E05B8D /* usTests.xctest */,
				257E81152F5BE13E00E05B8D /* usUITests.xctest */,
				257E81212F5BE13E00E05B8D /* us Watch App.app */,
				257E81302F5BE13E00E05B8D /* us Watch AppTests.xctest */,
				257E813A2F5BE13E00E05B8D /* us Watch AppUITests.xctest */,
			);
			name = Products;
			sourceTree = "<group>";
		};
/* End PBXGroup section */

/* Begin PBXNativeTarget section */
		257E80FD2F5BE13C00E05B8D /* us */ = {
			isa = PBXNativeTarget;
			buildConfigurationList = 257E81482F5BE13E00E05B8D /* Build configuration list for PBXNativeTarget "us" */;
			buildPhases = (
				257E80FA2F5BE13C00E05B8D /* Sources */,
				257E80FB2F5BE13C00E05B8D /* Frameworks */,
				257E80FC2F5BE13C00E05B8D /* Resources */,
				257E81472F5BE13E00E05B8D /* Embed Watch Content */,
			);
			buildRules = (
			);
			dependencies = (
				257E81242F5BE13E00E05B8D /* PBXTargetDependency */,
			);
			fileSystemSynchronizedGroups = (
				257E81002F5BE13C00E05B8D /* us */,
			);
			name = us;
			packageProductDependencies = (
			);
			productName = us;
			productReference = 257E80FE2F5BE13C00E05B8D /* us.app */;
			productType = "com.apple.product-type.application";
		};
		257E810A2F5BE13E00E05B8D /* usTests */ = {
			isa = PBXNativeTarget;
			buildConfigurationList = 257E814B2F5BE13E00E05B8D /* Build configuration list for PBXNativeTarget "usTests" */;
			buildPhases = (
				257E81072F5BE13E00E05B8D /* Sources */,
				257E81082F5BE13E00E05B8D /* Frameworks */,
				257E81092F5BE13E00E05B8D /* Resources */,
			);
			buildRules = (
			);
			dependencies = (
				257E810D2F5BE13E00E05B8D /* PBXTargetDependency */,
			);
			fileSystemSynchronizedGroups = (
				257E810E2F5BE13E00E05B8D /* usTests */,
			);
			name = usTests;
			packageProductDependencies = (
			);
			productName = usTests;
			productReference = 257E810B2F5BE13E00E05B8D /* usTests.xctest */;
			productType = "com.apple.product-type.bundle.unit-test";
		};
		257E81142F5BE13E00E05B8D /* usUITests */ = {
			isa = PBXNativeTarget;
			buildConfigurationList = 257E814E2F5BE13E00E05B8D /* Build configuration list for PBXNativeTarget "usUITests" */;
			buildPhases = (
				257E81112F5BE13E00E05B8D /* Sources */,
				257E81122F5BE13E00E05B8D /* Frameworks */,
				257E81132F5BE13E00E05B8D /* Resources */,
			);
			buildRules = (
			);
			dependencies = (
				257E81172F5BE13E00E05B8D /* PBXTargetDependency */,
			);
			fileSystemSynchronizedGroups = (
				257E81182F5BE13E00E05B8D /* usUITests */,
			);
			name = usUITests;
			packageProductDependencies = (
			);
			productName = usUITests;
			productReference = 257E81152F5BE13E00E05B8D /* usUITests.xctest */;
			productType = "com.apple.product-type.bundle.ui-testing";
		};
		257E81202F5BE13E00E05B8D /* us Watch App */ = {
			isa = PBXNativeTarget;
			buildConfigurationList = 257E81442F5BE13E00E05B8D /* Build configuration list for PBXNativeTarget "us Watch App" */;
			buildPhases = (
				257E811D2F5BE13E00E05B8D /* Sources */,
				257E811E2F5BE13E00E05B8D /* Frameworks */,
				257E811F2F5BE13E00E05B8D /* Resources */,
			);
			buildRules = (
			);
			dependencies = (
			);
			fileSystemSynchronizedGroups = (
				257E81252F5BE13E00E05B8D /* us Watch App */,
			);
			name = "us Watch App";
			packageProductDependencies = (
			);
			productName = "us Watch App";
			productReference = 257E81212F5BE13E00E05B8D /* us Watch App.app */;
			productType = "com.apple.product-type.application";
		};
		257E812F2F5BE13E00E05B8D /* us Watch AppTests */ = {
			isa = PBXNativeTarget;
			buildConfigurationList = 257E81512F5BE13E00E05B8D /* Build configuration list for PBXNativeTarget "us Watch AppTests" */;
			buildPhases = (
				257E812C2F5BE13E00E05B8D /* Sources */,
				257E812D2F5BE13E00E05B8D /* Frameworks */,
				257E812E2F5BE13E00E05B8D /* Resources */,
			);
			buildRules = (
			);
			dependencies = (
				257E81322F5BE13E00E05B8D /* PBXTargetDependency */,
			);
			fileSystemSynchronizedGroups = (
				257E81332F5BE13E00E05B8D /* us Watch AppTests */,
			);
			name = "us Watch AppTests";
			packageProductDependencies = (
			);
			productName = "us Watch AppTests";
			productReference = 257E81302F5BE13E00E05B8D /* us Watch AppTests.xctest */;
			productType = "com.apple.product-type.bundle.unit-test";
		};
		257E81392F5BE13E00E05B8D /* us Watch AppUITests */ = {
			isa = PBXNativeTarget;
			buildConfigurationList = 257E81542F5BE13E00E05B8D /* Build configuration list for PBXNativeTarget "us Watch AppUITests" */;
			buildPhases = (
				257E81362F5BE13E00E05B8D /* Sources */,
				257E81372F5BE13E00E05B8D /* Frameworks */,
				257E81382F5BE13E00E05B8D /* Resources */,
			);
			buildRules = (
			);
			dependencies = (
				257E813C2F5BE13E00E05B8D /* PBXTargetDependency */,
			);
			fileSystemSynchronizedGroups = (
				257E813D2F5BE13E00E05B8D /* us Watch AppUITests */,
			);
			name = "us Watch AppUITests";
			packageProductDependencies = (
			);
			productName = "us Watch AppUITests";
			productReference = 257E813A2F5BE13E00E05B8D /* us Watch AppUITests.xctest */;
			productType = "com.apple.product-type.bundle.ui-testing";
		};
/* End PBXNativeTarget section */

/* Begin PBXProject section */
		257E80F62F5BE13C00E05B8D /* Project object */ = {
			isa = PBXProject;
			attributes = {
				BuildIndependentTargetsInParallel = 1;
				LastSwiftUpdateCheck = 2630;
				LastUpgradeCheck = 2630;
				TargetAttributes = {
					257E80FD2F5BE13C00E05B8D = {
						CreatedOnToolsVersion = 26.3;
					};
					257E810A2F5BE13E00E05B8D = {
						CreatedOnToolsVersion = 26.3;
						TestTargetID = 257E80FD2F5BE13C00E05B8D;
					};
					257E81142F5BE13E00E05B8D = {
						CreatedOnToolsVersion = 26.3;
						TestTargetID = 257E80FD2F5BE13C00E05B8D;
					};
					257E81202F5BE13E00E05B8D = {
						CreatedOnToolsVersion = 26.3;
					};
					257E812F2F5BE13E00E05B8D = {
						CreatedOnToolsVersion = 26.3;
						TestTargetID = 257E81202F5BE13E00E05B8D;
					};
					257E81392F5BE13E00E05B8D = {
						CreatedOnToolsVersion = 26.3;
						TestTargetID = 257E81202F5BE13E00E05B8D;
					};
				};
			};
			buildConfigurationList = 257E80F92F5BE13C00E05B8D /* Build configuration list for PBXProject "us" */;
			developmentRegion = en;
			hasScannedForEncodings = 0;
			knownRegions = (
				en,
				Base,
			);
			mainGroup = 257E80F52F5BE13C00E05B8D;
			minimizedProjectReferenceProxies = 1;
			preferredProjectObjectVersion = 77;
			productRefGroup = 257E80FF2F5BE13C00E05B8D /* Products */;
			projectDirPath = "";
			projectRoot = "";
			targets = (
				257E80FD2F5BE13C00E05B8D /* us */,
				257E810A2F5BE13E00E05B8D /* usTests */,
				257E81142F5BE13E00E05B8D /* usUITests */,
				257E81202F5BE13E00E05B8D /* us Watch App */,
				257E812F2F5BE13E00E05B8D /* us Watch AppTests */,
				257E81392F5BE13E00E05B8D /* us Watch AppUITests */,
			);
		};
/* End PBXProject section */

/* Begin PBXResourcesBuildPhase section */
		257E80FC2F5BE13C00E05B8D /* Resources */ = {
			isa = PBXResourcesBuildPhase;
			buildActionMask = 2147483647;
			files = (
			);
			runOnlyForDeploymentPostprocessing = 0;
		};
		257E81092F5BE13E00E05B8D /* Resources */ = {
			isa = PBXResourcesBuildPhase;
			buildActionMask = 2147483647;
			files = (
			);
			runOnlyForDeploymentPostprocessing = 0;
		};
		257E81132F5BE13E00E05B8D /* Resources */ = {
			isa = PBXResourcesBuildPhase;
			buildActionMask = 2147483647;
			files = (
			);
			runOnlyForDeploymentPostprocessing = 0;
		};
		257E811F2F5BE13E00E05B8D /* Resources */ = {
			isa = PBXResourcesBuildPhase;
			buildActionMask = 2147483647;
			files = (
			);
			runOnlyForDeploymentPostprocessing = 0;
		};
		257E812E2F5BE13E00E05B8D /* Resources */ = {
			isa = PBXResourcesBuildPhase;
			buildActionMask = 2147483647;
			files = (
			);
			runOnlyForDeploymentPostprocessing = 0;
		};
		257E81382F5BE13E00E05B8D /* Resources */ = {
			isa = PBXResourcesBuildPhase;
			buildActionMask = 2147483647;
			files = (
			);
			runOnlyForDeploymentPostprocessing = 0;
		};
/* End PBXResourcesBuildPhase section */

/* Begin PBXSourcesBuildPhase section */
		257E80FA2F5BE13C00E05B8D /* Sources */ = {
			isa = PBXSourcesBuildPhase;
			buildActionMask = 2147483647;
			files = (
			);
			runOnlyForDeploymentPostprocessing = 0;
		};
		257E81072F5BE13E00E05B8D /* Sources */ = {
			isa = PBXSourcesBuildPhase;
			buildActionMask = 2147483647;
			files = (
			);
			runOnlyForDeploymentPostprocessing = 0;
		};
		257E81112F5BE13E00E05B8D /* Sources */ = {
			isa = PBXSourcesBuildPhase;
			buildActionMask = 2147483647;
			files = (
			);
			runOnlyForDeploymentPostprocessing = 0;
		};
		257E811D2F5BE13E00E05B8D /* Sources */ = {
			isa = PBXSourcesBuildPhase;
			buildActionMask = 2147483647;
			files = (
			);
			runOnlyForDeploymentPostprocessing = 0;
		};
		257E812C2F5BE13E00E05B8D /* Sources */ = {
			isa = PBXSourcesBuildPhase;
			buildActionMask = 2147483647;
			files = (
			);
			runOnlyForDeploymentPostprocessing = 0;
		};
		257E81362F5BE13E00E05B8D /* Sources */ = {
			isa = PBXSourcesBuildPhase;
			buildActionMask = 2147483647;
			files = (
			);
			runOnlyForDeploymentPostprocessing = 0;
		};
/* End PBXSourcesBuildPhase section */

/* Begin PBXTargetDependency section */
		257E810D2F5BE13E00E05B8D /* PBXTargetDependency */ = {
			isa = PBXTargetDependency;
			target = 257E80FD2F5BE13C00E05B8D /* us */;
			targetProxy = 257E810C2F5BE13E00E05B8D /* PBXContainerItemProxy */;
		};
		257E81172F5BE13E00E05B8D /* PBXTargetDependency */ = {
			isa = PBXTargetDependency;
			target = 257E80FD2F5BE13C00E05B8D /* us */;
			targetProxy = 257E81162F5BE13E00E05B8D /* PBXContainerItemProxy */;
		};
		257E81242F5BE13E00E05B8D /* PBXTargetDependency */ = {
			isa = PBXTargetDependency;
			target = 257E81202F5BE13E00E05B8D /* us Watch App */;
			targetProxy = 257E81232F5BE13E00E05B8D /* PBXContainerItemProxy */;
		};
		257E81322F5BE13E00E05B8D /* PBXTargetDependency */ = {
			isa = PBXTargetDependency;
			target = 257E81202F5BE13E00E05B8D /* us Watch App */;
			targetProxy = 257E81312F5BE13E00E05B8D /* PBXContainerItemProxy */;
		};
		257E813C2F5BE13E00E05B8D /* PBXTargetDependency */ = {
			isa = PBXTargetDependency;
			target = 257E81202F5BE13E00E05B8D /* us Watch App */;
			targetProxy = 257E813B2F5BE13E00E05B8D /* PBXContainerItemProxy */;
		};
/* End PBXTargetDependency section */

/* Begin XCBuildConfiguration section */
		257E81422F5BE13E00E05B8D /* Debug */ = {
			isa = XCBuildConfiguration;
			buildSettings = {
				ALWAYS_SEARCH_USER_PATHS = NO;
				ASSETCATALOG_COMPILER_GENERATE_SWIFT_ASSET_SYMBOL_EXTENSIONS = YES;
				CLANG_ANALYZER_NONNULL = YES;
				CLANG_ANALYZER_NUMBER_OBJECT_CONVERSION = YES_AGGRESSIVE;
				CLANG_CXX_LANGUAGE_STANDARD = "gnu++20";
				CLANG_ENABLE_MODULES = YES;
				CLANG_ENABLE_OBJC_ARC = YES;
				CLANG_ENABLE_OBJC_WEAK = YES;
				CLANG_WARN_BLOCK_CAPTURE_AUTORELEASING = YES;
				CLANG_WARN_BOOL_CONVERSION = YES;
				CLANG_WARN_COMMA = YES;
				CLANG_WARN_CONSTANT_CONVERSION = YES;
				CLANG_WARN_DEPRECATED_OBJC_IMPLEMENTATIONS = YES;
				CLANG_WARN_DIRECT_OBJC_ISA_USAGE = YES_ERROR;
				CLANG_WARN_DOCUMENTATION_COMMENTS = YES;
				CLANG_WARN_EMPTY_BODY = YES;
				CLANG_WARN_ENUM_CONVERSION = YES;
				CLANG_WARN_INFINITE_RECURSION = YES;
				CLANG_WARN_INT_CONVERSION = YES;
				CLANG_WARN_NON_LITERAL_NULL_CONVERSION = YES;
				CLANG_WARN_OBJC_IMPLICIT_RETAIN_SELF = YES;
				CLANG_WARN_OBJC_LITERAL_CONVERSION = YES;
				CLANG_WARN_OBJC_ROOT_CLASS = YES_ERROR;
				CLANG_WARN_QUOTED_INCLUDE_IN_FRAMEWORK_HEADER = YES;
				CLANG_WARN_RANGE_LOOP_ANALYSIS = YES;
				CLANG_WARN_STRICT_PROTOTYPES = YES;
				CLANG_WARN_SUSPICIOUS_MOVE = YES;
				CLANG_WARN_UNGUARDED_AVAILABILITY = YES_AGGRESSIVE;
				CLANG_WARN_UNREACHABLE_CODE = YES;
				CLANG_WARN__DUPLICATE_METHOD_MATCH = YES;
				COPY_PHASE_STRIP = NO;
				DEBUG_INFORMATION_FORMAT = dwarf;
				ENABLE_STRICT_OBJC_MSGSEND = YES;
				ENABLE_TESTABILITY = YES;
				ENABLE_USER_SCRIPT_SANDBOXING = YES;
				GCC_C_LANGUAGE_STANDARD = gnu17;
				GCC_DYNAMIC_NO_PIC = NO;
				GCC_NO_COMMON_BLOCKS = YES;
				GCC_OPTIMIZATION_LEVEL = 0;
				GCC_PREPROCESSOR_DEFINITIONS = (
					"DEBUG=1",
					"$(inherited)",
				);
				GCC_WARN_64_TO_32_BIT_CONVERSION = YES;
				GCC_WARN_ABOUT_RETURN_TYPE = YES_ERROR;
				GCC_WARN_UNDECLARED_SELECTOR = YES;
				GCC_WARN_UNINITIALIZED_AUTOS = YES_AGGRESSIVE;
				GCC_WARN_UNUSED_FUNCTION = YES;
				GCC_WARN_UNUSED_VARIABLE = YES;
				LOCALIZATION_PREFERS_STRING_CATALOGS = YES;
				MTL_ENABLE_DEBUG_INFO = INCLUDE_SOURCE;
				MTL_FAST_MATH = YES;
				ONLY_ACTIVE_ARCH = YES;
				SWIFT_ACTIVE_COMPILATION_CONDITIONS = "DEBUG $(inherited)";
				SWIFT_OPTIMIZATION_LEVEL = "-Onone";
			};
			name = Debug;
		};
		257E81432F5BE13E00E05B8D /* Release */ = {
			isa = XCBuildConfiguration;
			buildSettings = {
				ALWAYS_SEARCH_USER_PATHS = NO;
				ASSETCATALOG_COMPILER_GENERATE_SWIFT_ASSET_SYMBOL_EXTENSIONS = YES;
				CLANG_ANALYZER_NONNULL = YES;
				CLANG_ANALYZER_NUMBER_OBJECT_CONVERSION = YES_AGGRESSIVE;
				CLANG_CXX_LANGUAGE_STANDARD = "gnu++20";
				CLANG_ENABLE_MODULES = YES;
				CLANG_ENABLE_OBJC_ARC = YES;
				CLANG_ENABLE_OBJC_WEAK = YES;
				CLANG_WARN_BLOCK_CAPTURE_AUTORELEASING = YES;
				CLANG_WARN_BOOL_CONVERSION = YES;
				CLANG_WARN_COMMA = YES;
				CLANG_WARN_CONSTANT_CONVERSION = YES;
				CLANG_WARN_DEPRECATED_OBJC_IMPLEMENTATIONS = YES;
				CLANG_WARN_DIRECT_OBJC_ISA_USAGE = YES_ERROR;
				CLANG_WARN_DOCUMENTATION_COMMENTS = YES;
				CLANG_WARN_EMPTY_BODY = YES;
				CLANG_WARN_ENUM_CONVERSION = YES;
				CLANG_WARN_INFINITE_RECURSION = YES;
				CLANG_WARN_INT_CONVERSION = YES;
				CLANG_WARN_NON_LITERAL_NULL_CONVERSION = YES;
				CLANG_WARN_OBJC_IMPLICIT_RETAIN_SELF = YES;
				CLANG_WARN_OBJC_LITERAL_CONVERSION = YES;
				CLANG_WARN_OBJC_ROOT_CLASS = YES_ERROR;
				CLANG_WARN_QUOTED_INCLUDE_IN_FRAMEWORK_HEADER = YES;
				CLANG_WARN_RANGE_LOOP_ANALYSIS = YES;
				CLANG_WARN_STRICT_PROTOTYPES = YES;
				CLANG_WARN_SUSPICIOUS_MOVE = YES;
				CLANG_WARN_UNGUARDED_AVAILABILITY = YES_AGGRESSIVE;
				CLANG_WARN_UNREACHABLE_CODE = YES;
				CLANG_WARN__DUPLICATE_METHOD_MATCH = YES;
				COPY_PHASE_STRIP = NO;
				DEBUG_INFORMATION_FORMAT = "dwarf-with-dsym";
				ENABLE_NS_ASSERTIONS = NO;
				ENABLE_STRICT_OBJC_MSGSEND = YES;
				ENABLE_USER_SCRIPT_SANDBOXING = YES;
				GCC_C_LANGUAGE_STANDARD = gnu17;
				GCC_NO_COMMON_BLOCKS = YES;
				GCC_WARN_64_TO_32_BIT_CONVERSION = YES;
				GCC_WARN_ABOUT_RETURN_TYPE = YES_ERROR;
				GCC_WARN_UNDECLARED_SELECTOR = YES;
				GCC_WARN_UNINITIALIZED_AUTOS = YES_AGGRESSIVE;
				GCC_WARN_UNUSED_FUNCTION = YES;
				GCC_WARN_UNUSED_VARIABLE = YES;
				LOCALIZATION_PREFERS_STRING_CATALOGS = YES;
				MTL_ENABLE_DEBUG_INFO = NO;
				MTL_FAST_MATH = YES;
				SWIFT_COMPILATION_MODE = wholemodule;
			};
			name = Release;
		};
		257E81452F5BE13E00E05B8D /* Debug */ = {
			isa = XCBuildConfiguration;
			buildSettings = {
				ASSETCATALOG_COMPILER_APPICON_NAME = AppIcon;
				ASSETCATALOG_COMPILER_GLOBAL_ACCENT_COLOR_NAME = AccentColor;
				CODE_SIGN_STYLE = Automatic;
				CURRENT_PROJECT_VERSION = 1;
				DEVELOPMENT_TEAM = 232ND2V36P;
				ENABLE_PREVIEWS = YES;
				GENERATE_INFOPLIST_FILE = YES;
				INFOPLIST_KEY_CFBundleDisplayName = us;
				INFOPLIST_KEY_UISupportedInterfaceOrientations = "UIInterfaceOrientationPortrait UIInterfaceOrientationPortraitUpsideDown";
				INFOPLIST_KEY_WKCompanionAppBundleIdentifier = us.app.us;
				INFOPLIST_KEY_WKRunsIndependentlyOfCompanionApp = YES;
				LD_RUNPATH_SEARCH_PATHS = (
					"$(inherited)",
					"@executable_path/Frameworks",
				);
				MARKETING_VERSION = 1.0;
				PRODUCT_BUNDLE_IDENTIFIER = us.app.us.watchkitapp;
				PRODUCT_NAME = "$(TARGET_NAME)";
				SDKROOT = watchos;
				SKIP_INSTALL = YES;
				STRING_CATALOG_GENERATE_SYMBOLS = YES;
				SWIFT_APPROACHABLE_CONCURRENCY = YES;
				SWIFT_DEFAULT_ACTOR_ISOLATION = MainActor;
				SWIFT_EMIT_LOC_STRINGS = YES;
				SWIFT_UPCOMING_FEATURE_MEMBER_IMPORT_VISIBILITY = YES;
				SWIFT_VERSION = 5.0;
				TARGETED_DEVICE_FAMILY = 4;
				WATCHOS_DEPLOYMENT_TARGET = 11.0;
			};
			name = Debug;
		};
		257E81462F5BE13E00E05B8D /* Release */ = {
			isa = XCBuildConfiguration;
			buildSettings = {
				ASSETCATALOG_COMPILER_APPICON_NAME = AppIcon;
				ASSETCATALOG_COMPILER_GLOBAL_ACCENT_COLOR_NAME = AccentColor;
				CODE_SIGN_STYLE = Automatic;
				CURRENT_PROJECT_VERSION = 1;
				DEVELOPMENT_TEAM = 232ND2V36P;
				ENABLE_PREVIEWS = YES;
				GENERATE_INFOPLIST_FILE = YES;
				INFOPLIST_KEY_CFBundleDisplayName = us;
				INFOPLIST_KEY_UISupportedInterfaceOrientations = "UIInterfaceOrientationPortrait UIInterfaceOrientationPortraitUpsideDown";
				INFOPLIST_KEY_WKCompanionAppBundleIdentifier = us.app.us;
				INFOPLIST_KEY_WKRunsIndependentlyOfCompanionApp = YES;
				LD_RUNPATH_SEARCH_PATHS = (
					"$(inherited)",
					"@executable_path/Frameworks",
				);
				MARKETING_VERSION = 1.0;
				PRODUCT_BUNDLE_IDENTIFIER = us.app.us.watchkitapp;
				PRODUCT_NAME = "$(TARGET_NAME)";
				SDKROOT = watchos;
				SKIP_INSTALL = YES;
				STRING_CATALOG_GENERATE_SYMBOLS = YES;
				SWIFT_APPROACHABLE_CONCURRENCY = YES;
				SWIFT_DEFAULT_ACTOR_ISOLATION = MainActor;
				SWIFT_EMIT_LOC_STRINGS = YES;
				SWIFT_UPCOMING_FEATURE_MEMBER_IMPORT_VISIBILITY = YES;
				SWIFT_VERSION = 5.0;
				TARGETED_DEVICE_FAMILY = 4;
				VALIDATE_PRODUCT = YES;
				WATCHOS_DEPLOYMENT_TARGET = 11.0;
			};
			name = Release;
		};
		257E81492F5BE13E00E05B8D /* Debug */ = {
			isa = XCBuildConfiguration;
			buildSettings = {
				ASSETCATALOG_COMPILER_APPICON_NAME = AppIcon;
				ASSETCATALOG_COMPILER_GLOBAL_ACCENT_COLOR_NAME = AccentColor;
				CODE_SIGN_STYLE = Automatic;
				CURRENT_PROJECT_VERSION = 1;
				DEVELOPMENT_TEAM = 232ND2V36P;
				ENABLE_PREVIEWS = YES;
				GENERATE_INFOPLIST_FILE = YES;
				INFOPLIST_KEY_CFBundleDisplayName = us;
				INFOPLIST_KEY_UIApplicationSceneManifest_Generation = YES;
				INFOPLIST_KEY_UIApplicationSupportsIndirectInputEvents = YES;
				INFOPLIST_KEY_UILaunchScreen_Generation = YES;
				INFOPLIST_KEY_UISupportedInterfaceOrientations_iPad = "UIInterfaceOrientationPortrait UIInterfaceOrientationPortraitUpsideDown UIInterfaceOrientationLandscapeLeft UIInterfaceOrientationLandscapeRight";
				INFOPLIST_KEY_UISupportedInterfaceOrientations_iPhone = "UIInterfaceOrientationPortrait UIInterfaceOrientationLandscapeLeft UIInterfaceOrientationLandscapeRight";
				IPHONEOS_DEPLOYMENT_TARGET = 26.2;
				LD_RUNPATH_SEARCH_PATHS = (
					"$(inherited)",
					"@executable_path/Frameworks",
				);
				MARKETING_VERSION = 1.0;
				PRODUCT_BUNDLE_IDENTIFIER = us.app.us;
				PRODUCT_NAME = "$(TARGET_NAME)";
				SDKROOT = iphoneos;
				STRING_CATALOG_GENERATE_SYMBOLS = YES;
				SWIFT_APPROACHABLE_CONCURRENCY = YES;
				SWIFT_DEFAULT_ACTOR_ISOLATION = MainActor;
				SWIFT_EMIT_LOC_STRINGS = YES;
				SWIFT_UPCOMING_FEATURE_MEMBER_IMPORT_VISIBILITY = YES;
				SWIFT_VERSION = 5.0;
				TARGETED_DEVICE_FAMILY = "1,2";
			};
			name = Debug;
		};
		257E814A2F5BE13E00E05B8D /* Release */ = {
			isa = XCBuildConfiguration;
			buildSettings = {
				ASSETCATALOG_COMPILER_APPICON_NAME = AppIcon;
				ASSETCATALOG_COMPILER_GLOBAL_ACCENT_COLOR_NAME = AccentColor;
				CODE_SIGN_STYLE = Automatic;
				CURRENT_PROJECT_VERSION = 1;
				ENABLE_PREVIEWS = YES;
				GENERATE_INFOPLIST_FILE = YES;
				INFOPLIST_KEY_CFBundleDisplayName = us;
				INFOPLIST_KEY_UIApplicationSceneManifest_Generation = YES;
				INFOPLIST_KEY_UIApplicationSupportsIndirectInputEvents = YES;
				INFOPLIST_KEY_UILaunchScreen_Generation = YES;
				INFOPLIST_KEY_UISupportedInterfaceOrientations_iPad = "UIInterfaceOrientationPortrait UIInterfaceOrientationPortraitUpsideDown UIInterfaceOrientationLandscapeLeft UIInterfaceOrientationLandscapeRight";
				INFOPLIST_KEY_UISupportedInterfaceOrientations_iPhone = "UIInterfaceOrientationPortrait UIInterfaceOrientationLandscapeLeft UIInterfaceOrientationLandscapeRight";
				IPHONEOS_DEPLOYMENT_TARGET = 26.2;
				LD_RUNPATH_SEARCH_PATHS = (
					"$(inherited)",
					"@executable_path/Frameworks",
				);
				MARKETING_VERSION = 1.0;
				PRODUCT_BUNDLE_IDENTIFIER = us.app.us;
				PRODUCT_NAME = "$(TARGET_NAME)";
				SDKROOT = iphoneos;
				STRING_CATALOG_GENERATE_SYMBOLS = YES;
				SWIFT_APPROACHABLE_CONCURRENCY = YES;
				SWIFT_DEFAULT_ACTOR_ISOLATION = MainActor;
				SWIFT_EMIT_LOC_STRINGS = YES;
				SWIFT_UPCOMING_FEATURE_MEMBER_IMPORT_VISIBILITY = YES;
				SWIFT_VERSION = 5.0;
				TARGETED_DEVICE_FAMILY = "1,2";
				VALIDATE_PRODUCT = YES;
			};
			name = Release;
		};
		257E814C2F5BE13E00E05B8D /* Debug */ = {
			isa = XCBuildConfiguration;
			buildSettings = {
				BUNDLE_LOADER = "$(TEST_HOST)";
				CODE_SIGN_STYLE = Automatic;
				CURRENT_PROJECT_VERSION = 1;
				GENERATE_INFOPLIST_FILE = YES;
				IPHONEOS_DEPLOYMENT_TARGET = 26.2;
				MARKETING_VERSION = 1.0;
				PRODUCT_BUNDLE_IDENTIFIER = us.app.usTests;
				PRODUCT_NAME = "$(TARGET_NAME)";
				SDKROOT = iphoneos;
				STRING_CATALOG_GENERATE_SYMBOLS = NO;
				SWIFT_APPROACHABLE_CONCURRENCY = YES;
				SWIFT_EMIT_LOC_STRINGS = NO;
				SWIFT_UPCOMING_FEATURE_MEMBER_IMPORT_VISIBILITY = YES;
				SWIFT_VERSION = 5.0;
				TARGETED_DEVICE_FAMILY = "1,2";
				TEST_HOST = "$(BUILT_PRODUCTS_DIR)/us.app/$(BUNDLE_EXECUTABLE_FOLDER_PATH)/us";
			};
			name = Debug;
		};
		257E814D2F5BE13E00E05B8D /* Release */ = {
			isa = XCBuildConfiguration;
			buildSettings = {
				BUNDLE_LOADER = "$(TEST_HOST)";
				CODE_SIGN_STYLE = Automatic;
				CURRENT_PROJECT_VERSION = 1;
				GENERATE_INFOPLIST_FILE = YES;
				IPHONEOS_DEPLOYMENT_TARGET = 26.2;
				MARKETING_VERSION = 1.0;
				PRODUCT_BUNDLE_IDENTIFIER = us.app.usTests;
				PRODUCT_NAME = "$(TARGET_NAME)";
				SDKROOT = iphoneos;
				STRING_CATALOG_GENERATE_SYMBOLS = NO;
				SWIFT_APPROACHABLE_CONCURRENCY = YES;
				SWIFT_EMIT_LOC_STRINGS = NO;
				SWIFT_UPCOMING_FEATURE_MEMBER_IMPORT_VISIBILITY = YES;
				SWIFT_VERSION = 5.0;
				TARGETED_DEVICE_FAMILY = "1,2";
				TEST_HOST = "$(BUILT_PRODUCTS_DIR)/us.app/$(BUNDLE_EXECUTABLE_FOLDER_PATH)/us";
				VALIDATE_PRODUCT = YES;
			};
			name = Release;
		};
		257E814F2F5BE13E00E05B8D /* Debug */ = {
			isa = XCBuildConfiguration;
			buildSettings = {
				CODE_SIGN_STYLE = Automatic;
				CURRENT_PROJECT_VERSION = 1;
				GENERATE_INFOPLIST_FILE = YES;
				IPHONEOS_DEPLOYMENT_TARGET = 26.2;
				MARKETING_VERSION = 1.0;
				PRODUCT_BUNDLE_IDENTIFIER = us.app.usUITests;
				PRODUCT_NAME = "$(TARGET_NAME)";
				SDKROOT = iphoneos;
				STRING_CATALOG_GENERATE_SYMBOLS = NO;
				SWIFT_APPROACHABLE_CONCURRENCY = YES;
				SWIFT_EMIT_LOC_STRINGS = NO;
				SWIFT_UPCOMING_FEATURE_MEMBER_IMPORT_VISIBILITY = YES;
				SWIFT_VERSION = 5.0;
				TARGETED_DEVICE_FAMILY = "1,2";
				TEST_TARGET_NAME = us;
			};
			name = Debug;
		};
		257E81502F5BE13E00E05B8D /* Release */ = {
			isa = XCBuildConfiguration;
			buildSettings = {
				CODE_SIGN_STYLE = Automatic;
				CURRENT_PROJECT_VERSION = 1;
				GENERATE_INFOPLIST_FILE = YES;
				IPHONEOS_DEPLOYMENT_TARGET = 26.2;
				MARKETING_VERSION = 1.0;
				PRODUCT_BUNDLE_IDENTIFIER = us.app.usUITests;
				PRODUCT_NAME = "$(TARGET_NAME)";
				SDKROOT = iphoneos;
				STRING_CATALOG_GENERATE_SYMBOLS = NO;
				SWIFT_APPROACHABLE_CONCURRENCY = YES;
				SWIFT_EMIT_LOC_STRINGS = NO;
				SWIFT_UPCOMING_FEATURE_MEMBER_IMPORT_VISIBILITY = YES;
				SWIFT_VERSION = 5.0;
				TARGETED_DEVICE_FAMILY = "1,2";
				TEST_TARGET_NAME = us;
				VALIDATE_PRODUCT = YES;
			};
			name = Release;
		};
		257E81522F5BE13E00E05B8D /* Debug */ = {
			isa = XCBuildConfiguration;
			buildSettings = {
				BUNDLE_LOADER = "$(TEST_HOST)";
				CODE_SIGN_STYLE = Automatic;
				CURRENT_PROJECT_VERSION = 1;
				GENERATE_INFOPLIST_FILE = YES;
				MARKETING_VERSION = 1.0;
				PRODUCT_BUNDLE_IDENTIFIER = "us.app.us-Watch-AppTests";
				PRODUCT_NAME = "$(TARGET_NAME)";
				SDKROOT = watchos;
				STRING_CATALOG_GENERATE_SYMBOLS = NO;
				SWIFT_APPROACHABLE_CONCURRENCY = YES;
				SWIFT_EMIT_LOC_STRINGS = NO;
				SWIFT_UPCOMING_FEATURE_MEMBER_IMPORT_VISIBILITY = YES;
				SWIFT_VERSION = 5.0;
				TARGETED_DEVICE_FAMILY = 4;
				TEST_HOST = "$(BUILT_PRODUCTS_DIR)/us Watch App.app/$(BUNDLE_EXECUTABLE_FOLDER_PATH)/us Watch App";
				WATCHOS_DEPLOYMENT_TARGET = 26.2;
			};
			name = Debug;
		};
		257E81532F5BE13E00E05B8D /* Release */ = {
			isa = XCBuildConfiguration;
			buildSettings = {
				BUNDLE_LOADER = "$(TEST_HOST)";
				CODE_SIGN_STYLE = Automatic;
				CURRENT_PROJECT_VERSION = 1;
				GENERATE_INFOPLIST_FILE = YES;
				MARKETING_VERSION = 1.0;
				PRODUCT_BUNDLE_IDENTIFIER = "us.app.us-Watch-AppTests";
				PRODUCT_NAME = "$(TARGET_NAME)";
				SDKROOT = watchos;
				STRING_CATALOG_GENERATE_SYMBOLS = NO;
				SWIFT_APPROACHABLE_CONCURRENCY = YES;
				SWIFT_EMIT_LOC_STRINGS = NO;
				SWIFT_UPCOMING_FEATURE_MEMBER_IMPORT_VISIBILITY = YES;
				SWIFT_VERSION = 5.0;
				TARGETED_DEVICE_FAMILY = 4;
				TEST_HOST = "$(BUILT_PRODUCTS_DIR)/us Watch App.app/$(BUNDLE_EXECUTABLE_FOLDER_PATH)/us Watch App";
				VALIDATE_PRODUCT = YES;
				WATCHOS_DEPLOYMENT_TARGET = 26.2;
			};
			name = Release;
		};
		257E81552F5BE13E00E05B8D /* Debug */ = {
			isa = XCBuildConfiguration;
			buildSettings = {
				CODE_SIGN_STYLE = Automatic;
				CURRENT_PROJECT_VERSION = 1;
				GENERATE_INFOPLIST_FILE = YES;
				MARKETING_VERSION = 1.0;
				PRODUCT_BUNDLE_IDENTIFIER = "us.app.us-Watch-AppUITests";
				PRODUCT_NAME = "$(TARGET_NAME)";
				SDKROOT = watchos;
				STRING_CATALOG_GENERATE_SYMBOLS = NO;
				SWIFT_APPROACHABLE_CONCURRENCY = YES;
				SWIFT_EMIT_LOC_STRINGS = NO;
				SWIFT_UPCOMING_FEATURE_MEMBER_IMPORT_VISIBILITY = YES;
				SWIFT_VERSION = 5.0;
				TARGETED_DEVICE_FAMILY = 4;
				TEST_TARGET_NAME = "us Watch App";
				WATCHOS_DEPLOYMENT_TARGET = 26.2;
			};
			name = Debug;
		};
		257E81562F5BE13E00E05B8D /* Release */ = {
			isa = XCBuildConfiguration;
			buildSettings = {
				CODE_SIGN_STYLE = Automatic;
				CURRENT_PROJECT_VERSION = 1;
				GENERATE_INFOPLIST_FILE = YES;
				MARKETING_VERSION = 1.0;
				PRODUCT_BUNDLE_IDENTIFIER = "us.app.us-Watch-AppUITests";
				PRODUCT_NAME = "$(TARGET_NAME)";
				SDKROOT = watchos;
				STRING_CATALOG_GENERATE_SYMBOLS = NO;
				SWIFT_APPROACHABLE_CONCURRENCY = YES;
				SWIFT_EMIT_LOC_STRINGS = NO;
				SWIFT_UPCOMING_FEATURE_MEMBER_IMPORT_VISIBILITY = YES;
				SWIFT_VERSION = 5.0;
				TARGETED_DEVICE_FAMILY = 4;
				TEST_TARGET_NAME = "us Watch App";
				VALIDATE_PRODUCT = YES;
				WATCHOS_DEPLOYMENT_TARGET = 26.2;
			};
			name = Release;
		};
/* End XCBuildConfiguration section */

/* Begin XCConfigurationList section */
		257E80F92F5BE13C00E05B8D /* Build configuration list for PBXProject "us" */ = {
			isa = XCConfigurationList;
			buildConfigurations = (
				257E81422F5BE13E00E05B8D /* Debug */,
				257E81432F5BE13E00E05B8D /* Release */,
			);
			defaultConfigurationIsVisible = 0;
			defaultConfigurationName = Release;
		};
		257E81442F5BE13E00E05B8D /* Build configuration list for PBXNativeTarget "us Watch App" */ = {
			isa = XCConfigurationList;
			buildConfigurations = (
				257E81452F5BE13E00E05B8D /* Debug */,
				257E81462F5BE13E00E05B8D /* Release */,
			);
			defaultConfigurationIsVisible = 0;
			defaultConfigurationName = Release;
		};
		257E81482F5BE13E00E05B8D /* Build configuration list for PBXNativeTarget "us" */ = {
			isa = XCConfigurationList;
			buildConfigurations = (
				257E81492F5BE13E00E05B8D /* Debug */,
				257E814A2F5BE13E00E05B8D /* Release */,
			);
			defaultConfigurationIsVisible = 0;
			defaultConfigurationName = Release;
		};
		257E814B2F5BE13E00E05B8D /* Build configuration list for PBXNativeTarget "usTests" */ = {
			isa = XCConfigurationList;
			buildConfigurations = (
				257E814C2F5BE13E00E05B8D /* Debug */,
				257E814D2F5BE13E00E05B8D /* Release */,
			);
			defaultConfigurationIsVisible = 0;
			defaultConfigurationName = Release;
		};
		257E814E2F5BE13E00E05B8D /* Build configuration list for PBXNativeTarget "usUITests" */ = {
			isa = XCConfigurationList;
			buildConfigurations = (
				257E814F2F5BE13E00E05B8D /* Debug */,
				257E81502F5BE13E00E05B8D /* Release */,
			);
			defaultConfigurationIsVisible = 0;
			defaultConfigurationName = Release;
		};
		257E81512F5BE13E00E05B8D /* Build configuration list for PBXNativeTarget "us Watch AppTests" */ = {
			isa = XCConfigurationList;
			buildConfigurations = (
				257E81522F5BE13E00E05B8D /* Debug */,
				257E81532F5BE13E00E05B8D /* Release */,
			);
			defaultConfigurationIsVisible = 0;
			defaultConfigurationName = Release;
		};
		257E81542F5BE13E00E05B8D /* Build configuration list for PBXNativeTarget "us Watch AppUITests" */ = {
			isa = XCConfigurationList;
			buildConfigurations = (
				257E81552F5BE13E00E05B8D /* Debug */,
				257E81562F5BE13E00E05B8D /* Release */,
			);
			defaultConfigurationIsVisible = 0;
			defaultConfigurationName = Release;
		};
/* End XCConfigurationList section */
	};
	rootObject = 257E80F62F5BE13C00E05B8D /* Project object */;
}
